
Microsoft Visual Studio Solution File, Format Version 12.00
# Visual Studio 15
VisualStudioVersion = 15.0.28307.168
MinimumVisualStudioVersion = 10.0.40219.1
Project("{888888A0-9F3D-457C-B088-3A5042F75D52}") = "IaaS_data", "IaaS_data\IaaS_data.pyproj", "{3AE32E99-05FC-4C4D-9086-31D341C2D85A}"
EndProject
Project("{888888A0-9F3D-457C-B088-3A5042F75D52}") = "fep_simu", "fep_simu\fep_simu.pyproj", "{0F9A8A6B-40BA-496F-9B02-1502E840D18D}"
EndProject
Project("{2150E333-8FDC-42A3-9474-1A3956D46DE8}") = "Solution Items", "Solution Items", "{00DF4223-2808-487A-9C24-9F450D463DB1}"
	ProjectSection(SolutionItems) = preProject
		iaas\db_opt.py = iaas\db_opt.py
		iaas\dev_info.py = iaas\dev_info.py
	EndProjectSection
EndProject
Project("{888888A0-9F3D-457C-B088-3A5042F75D52}") = "data_monitor", "data_monitor\data_monitor.pyproj", "{92682041-5006-405A-B7AE-BD099DD7E6EB}"
EndProject
Project("{888888A0-9F3D-457C-B088-3A5042F75D52}") = "FlaskWebProject1", "FlaskWebProject1\FlaskWebProject1.pyproj", "{F05D3BDE-430E-4965-A82A-E6D8408FC4E4}"
EndProject
Global
	GlobalSection(SolutionConfigurationPlatforms) = preSolution
		Debug|Any CPU = Debug|Any CPU
		Release|Any CPU = Release|Any CPU
	EndGlobalSection
	GlobalSection(ProjectConfigurationPlatforms) = postSolution
		{3AE32E99-05FC-4C4D-9086-31D341C2D85A}.Debug|Any CPU.ActiveCfg = Debug|Any CPU
		{3AE32E99-05FC-4C4D-9086-31D341C2D85A}.Release|Any CPU.ActiveCfg = Release|Any CPU
		{0F9A8A6B-40BA-496F-9B02-1502E840D18D}.Debug|Any CPU.ActiveCfg = Debug|Any CPU
		{0F9A8A6B-40BA-496F-9B02-1502E840D18D}.Release|Any CPU.ActiveCfg = Release|Any CPU
		{92682041-5006-405A-B7AE-BD099DD7E6EB}.Debug|Any CPU.ActiveCfg = Debug|Any CPU
		{92682041-5006-405A-B7AE-BD099DD7E6EB}.Debug|Any CPU.Build.0 = Debug|Any CPU
		{92682041-5006-405A-B7AE-BD099DD7E6EB}.Release|Any CPU.ActiveCfg = Release|Any CPU
		{92682041-5006-405A-B7AE-BD099DD7E6EB}.Release|Any CPU.Build.0 = Release|Any CPU
		{F05D3BDE-430E-4965-A82A-E6D8408FC4E4}.Debug|Any CPU.ActiveCfg = Debug|Any CPU
		{F05D3BDE-430E-4965-A82A-E6D8408FC4E4}.Debug|Any CPU.Build.0 = Debug|Any CPU
		{F05D3BDE-430E-4965-A82A-E6D8408FC4E4}.Release|Any CPU.ActiveCfg = Release|Any CPU
		{F05D3BDE-430E-4965-A82A-E6D8408FC4E4}.Release|Any CPU.Build.0 = Release|Any CPU
	EndGlobalSection
	GlobalSection(SolutionProperties) = preSolution
		HideSolutionNode = FALSE
	EndGlobalSection
	GlobalSection(ExtensibilityGlobals) = postSolution
		SolutionGuid = {369C9032-207F-4E4A-ACFD-FD510D2087EB}
	EndGlobalSection
EndGlobal
