
Microsoft Visual Studio Solution File, Format Version 12.00
# Visual Studio 15
VisualStudioVersion = 15.0.28307.168
MinimumVisualStudioVersion = 10.0.40219.1
Project("{888888A0-9F3D-457C-B088-3A5042F75D52}") = "IaaS_data", "IaaS_data\IaaS_data.pyproj", "{3AE32E99-05FC-4C4D-9086-31D341C2D85A}"
EndProject
Project("{2150E333-8FDC-42A3-9474-1A3956D46DE8}") = "Solution Items", "Solution Items", "{00DF4223-2808-487A-9C24-9F450D463DB1}"
	ProjectSection(SolutionItems) = preProject
		iaas\db_opt.py = iaas\db_opt.py
		iaas\dev_info.py = iaas\dev_info.py
	EndProjectSection
EndProject
Project("{888888A0-9F3D-457C-B088-3A5042F75D52}") = "data_monitor", "data_monitor\data_monitor.pyproj", "{92682041-5006-405A-B7AE-BD099DD7E6EB}"
EndProject
Project("{888888A0-9F3D-457C-B088-3A5042F75D52}") = "fep_mqtt", "fep_mqtt\fep_mqtt.pyproj", "{09949367-8D4E-4C64-8330-0DDB8D8AEF63}"
EndProject
Project("{888888A0-9F3D-457C-B088-3A5042F75D52}") = "meter_mqtt_simu", "meter_mqtt_simu\meter_mqtt_simu.pyproj", "{DB4028B2-2D6E-40AA-BA5E-E470F7DD4925}"
EndProject
Global
	GlobalSection(SolutionConfigurationPlatforms) = preSolution
		Debug|Any CPU = Debug|Any CPU
		Release|Any CPU = Release|Any CPU
	EndGlobalSection
	GlobalSection(ProjectConfigurationPlatforms) = postSolution
		{3AE32E99-05FC-4C4D-9086-31D341C2D85A}.Debug|Any CPU.ActiveCfg = Debug|Any CPU
		{3AE32E99-05FC-4C4D-9086-31D341C2D85A}.Release|Any CPU.ActiveCfg = Release|Any CPU
		{92682041-5006-405A-B7AE-BD099DD7E6EB}.Debug|Any CPU.ActiveCfg = Debug|Any CPU
		{92682041-5006-405A-B7AE-BD099DD7E6EB}.Debug|Any CPU.Build.0 = Debug|Any CPU
		{92682041-5006-405A-B7AE-BD099DD7E6EB}.Release|Any CPU.ActiveCfg = Release|Any CPU
		{92682041-5006-405A-B7AE-BD099DD7E6EB}.Release|Any CPU.Build.0 = Release|Any CPU
		{09949367-8D4E-4C64-8330-0DDB8D8AEF63}.Debug|Any CPU.ActiveCfg = Debug|Any CPU
		{09949367-8D4E-4C64-8330-0DDB8D8AEF63}.Release|Any CPU.ActiveCfg = Release|Any CPU
		{DB4028B2-2D6E-40AA-BA5E-E470F7DD4925}.Debug|Any CPU.ActiveCfg = Debug|Any CPU
		{DB4028B2-2D6E-40AA-BA5E-E470F7DD4925}.Release|Any CPU.ActiveCfg = Release|Any CPU
	EndGlobalSection
	GlobalSection(SolutionProperties) = preSolution
		HideSolutionNode = FALSE
	EndGlobalSection
	GlobalSection(ExtensibilityGlobals) = postSolution
		SolutionGuid = {369C9032-207F-4E4A-ACFD-FD510D2087EB}
	EndGlobalSection
EndGlobal
